# THIS IS AN AUTOGENERATED FILE. DO NOT EDIT THIS FILE DIRECTLY.
# yarn lockfile v1


"@ampproject/remapping@^2.1.0":
  version "2.2.0"
  resolved "https://registry.yarnpkg.com/@ampproject/remapping/-/remapping-2.2.0.tgz#56c133824780de3174aed5ab6834f3026790154d"
  integrity sha512-qRmjj8nj9qmLTQXXmaR1cck3UXSRMPrbsLJAasZpF+t3riI71BXed5ebIOYwQntykeZuhjsdweEc9BxH5Jc26w==
  dependencies:
    "@jridgewell/gen-mapping" "^0.1.0"
    "@jridgewell/trace-mapping" "^0.3.9"

"@babel/code-frame@^7.18.6":
  version "7.18.6"
  resolved "https://registry.yarnpkg.com/@babel/code-frame/-/code-frame-7.18.6.tgz#3b25d38c89600baa2dcc219edfa88a74eb2c427a"
  integrity sha512-TDCmlK5eOvH+eH7cdAFlNXeVJqWIQ7gW9tY1GJIpUtFb6CmjVyq2VM3u71bOyR8CRihcCgMUYoDNyLXao3+70Q==
  dependencies:
    "@babel/highlight" "^7.18.6"

"@babel/code-frame@^7.22.13":
  version "7.22.13"
  resolved "https://registry.yarnpkg.com/@babel/code-frame/-/code-frame-7.22.13.tgz#e3c1c099402598483b7a8c46a721d1038803755e"
  integrity sha512-XktuhWlJ5g+3TJXc5upd9Ks1HutSArik6jf2eAjYFyIOf4ej3RN+184cZbzDvbPnuTJIUhPKKJE3cIsYTiAT3w==
  dependencies:
    "@babel/highlight" "^7.22.13"
    chalk "^2.4.2"

"@babel/compat-data@^7.18.8":
  version "7.18.8"
  resolved "https://registry.yarnpkg.com/@babel/compat-data/-/compat-data-7.18.8.tgz#2483f565faca607b8535590e84e7de323f27764d"
  integrity sha512-HSmX4WZPPK3FUxYp7g2T6EyO8j96HlZJlxmKPSh6KAcqwyDrfx7hKjXpAW/0FhFfTJsR0Yt4lAjLI2coMptIHQ==

"@babel/core@^7.18.10":
  version "7.18.10"
  resolved "https://registry.yarnpkg.com/@babel/core/-/core-7.18.10.tgz#39ad504991d77f1f3da91be0b8b949a5bc466fb8"
  integrity sha512-JQM6k6ENcBFKVtWvLavlvi/mPcpYZ3+R+2EySDEMSMbp7Mn4FexlbbJVrx2R7Ijhr01T8gyqrOaABWIOgxeUyw==
  dependencies:
    "@ampproject/remapping" "^2.1.0"
    "@babel/code-frame" "^7.18.6"
    "@babel/generator" "^7.18.10"
    "@babel/helper-compilation-targets" "^7.18.9"
    "@babel/helper-module-transforms" "^7.18.9"
    "@babel/helpers" "^7.18.9"
    "@babel/parser" "^7.18.10"
    "@babel/template" "^7.18.10"
    "@babel/traverse" "^7.18.10"
    "@babel/types" "^7.18.10"
    convert-source-map "^1.7.0"
    debug "^4.1.0"
    gensync "^1.0.0-beta.2"
    json5 "^2.2.1"
    semver "^6.3.0"

"@babel/generator@^7.18.10":
  version "7.18.12"
  resolved "https://registry.yarnpkg.com/@babel/generator/-/generator-7.18.12.tgz#fa58daa303757bd6f5e4bbca91b342040463d9f4"
  integrity sha512-dfQ8ebCN98SvyL7IxNMCUtZQSq5R7kxgN+r8qYTGDmmSion1hX2C0zq2yo1bsCDhXixokv1SAWTZUMYbO/V5zg==
  dependencies:
    "@babel/types" "^7.18.10"
    "@jridgewell/gen-mapping" "^0.3.2"
    jsesc "^2.5.1"

"@babel/generator@^7.23.0":
  version "7.23.0"
  resolved "https://registry.yarnpkg.com/@babel/generator/-/generator-7.23.0.tgz#df5c386e2218be505b34837acbcb874d7a983420"
  integrity sha512-lN85QRR+5IbYrMWM6Y4pE/noaQtg4pNiqeNGX60eqOfo6gtEj6uw/JagelB8vVztSd7R6M5n1+PQkDbHbBRU4g==
  dependencies:
    "@babel/types" "^7.23.0"
    "@jridgewell/gen-mapping" "^0.3.2"
    "@jridgewell/trace-mapping" "^0.3.17"
    jsesc "^2.5.1"

"@babel/helper-annotate-as-pure@^7.18.6":
  version "7.18.6"
  resolved "https://registry.yarnpkg.com/@babel/helper-annotate-as-pure/-/helper-annotate-as-pure-7.18.6.tgz#eaa49f6f80d5a33f9a5dd2276e6d6e451be0a6bb"
  integrity sha512-duORpUiYrEpzKIop6iNbjnwKLAKnJ47csTyRACyEmWj0QdUrm5aqNJGHSSEQSUAvNW0ojX0dOmK9dZduvkfeXA==
  dependencies:
    "@babel/types" "^7.18.6"

"@babel/helper-compilation-targets@^7.18.9":
  version "7.18.9"
  resolved "https://registry.yarnpkg.com/@babel/helper-compilation-targets/-/helper-compilation-targets-7.18.9.tgz#69e64f57b524cde3e5ff6cc5a9f4a387ee5563bf"
  integrity sha512-tzLCyVmqUiFlcFoAPLA/gL9TeYrF61VLNtb+hvkuVaB5SUjW7jcfrglBIX1vUIoT7CLP3bBlIMeyEsIl2eFQNg==
  dependencies:
    "@babel/compat-data" "^7.18.8"
    "@babel/helper-validator-option" "^7.18.6"
    browserslist "^4.20.2"
    semver "^6.3.0"

"@babel/helper-environment-visitor@^7.18.9":
  version "7.18.9"
  resolved "https://registry.yarnpkg.com/@babel/helper-environment-visitor/-/helper-environment-visitor-7.18.9.tgz#0c0cee9b35d2ca190478756865bb3528422f51be"
  integrity sha512-3r/aACDJ3fhQ/EVgFy0hpj8oHyHpQc+LPtJoY9SzTThAsStm4Ptegq92vqKoE3vD706ZVFWITnMnxucw+S9Ipg==

"@babel/helper-environment-visitor@^7.22.20":
  version "7.22.20"
  resolved "https://registry.yarnpkg.com/@babel/helper-environment-visitor/-/helper-environment-visitor-7.22.20.tgz#96159db61d34a29dba454c959f5ae4a649ba9167"
  integrity sha512-zfedSIzFhat/gFhWfHtgWvlec0nqB9YEIVrpuwjruLlXfUSnA8cJB0miHKwqDnQ7d32aKo2xt88/xZptwxbfhA==

"@babel/helper-function-name@^7.23.0":
  version "7.23.0"
  resolved "https://registry.yarnpkg.com/@babel/helper-function-name/-/helper-function-name-7.23.0.tgz#1f9a3cdbd5b2698a670c30d2735f9af95ed52759"
  integrity sha512-OErEqsrxjZTJciZ4Oo+eoZqeW9UIiOcuYKRJA4ZAgV9myA+pOXhhmpfNCKjEH/auVfEYVFJ6y1Tc4r0eIApqiw==
  dependencies:
    "@babel/template" "^7.22.15"
    "@babel/types" "^7.23.0"

"@babel/helper-hoist-variables@^7.22.5":
  version "7.22.5"
  resolved "https://registry.yarnpkg.com/@babel/helper-hoist-variables/-/helper-hoist-variables-7.22.5.tgz#c01a007dac05c085914e8fb652b339db50d823bb"
  integrity sha512-wGjk9QZVzvknA6yKIUURb8zY3grXCcOZt+/7Wcy8O2uctxhplmUPkOdlgoNhmdVee2c92JXbf1xpMtVNbfoxRw==
  dependencies:
    "@babel/types" "^7.22.5"

"@babel/helper-module-imports@^7.18.6":
  version "7.18.6"
  resolved "https://registry.yarnpkg.com/@babel/helper-module-imports/-/helper-module-imports-7.18.6.tgz#1e3ebdbbd08aad1437b428c50204db13c5a3ca6e"
  integrity sha512-0NFvs3VkuSYbFi1x2Vd6tKrywq+z/cLeYC/RJNFrIX/30Bf5aiGYbtvGXolEktzJH8o5E5KJ3tT+nkxuuZFVlA==
  dependencies:
    "@babel/types" "^7.18.6"

"@babel/helper-module-transforms@^7.18.9":
  version "7.18.9"
  resolved "https://registry.yarnpkg.com/@babel/helper-module-transforms/-/helper-module-transforms-7.18.9.tgz#5a1079c005135ed627442df31a42887e80fcb712"
  integrity sha512-KYNqY0ICwfv19b31XzvmI/mfcylOzbLtowkw+mfvGPAQ3kfCnMLYbED3YecL5tPd8nAYFQFAd6JHp2LxZk/J1g==
  dependencies:
    "@babel/helper-environment-visitor" "^7.18.9"
    "@babel/helper-module-imports" "^7.18.6"
    "@babel/helper-simple-access" "^7.18.6"
    "@babel/helper-split-export-declaration" "^7.18.6"
    "@babel/helper-validator-identifier" "^7.18.6"
    "@babel/template" "^7.18.6"
    "@babel/traverse" "^7.18.9"
    "@babel/types" "^7.18.9"

"@babel/helper-plugin-utils@^7.18.6", "@babel/helper-plugin-utils@^7.18.9":
  version "7.18.9"
  resolved "https://registry.yarnpkg.com/@babel/helper-plugin-utils/-/helper-plugin-utils-7.18.9.tgz#4b8aea3b069d8cb8a72cdfe28ddf5ceca695ef2f"
  integrity sha512-aBXPT3bmtLryXaoJLyYPXPlSD4p1ld9aYeR+sJNOZjJJGiOpb+fKfh3NkcCu7J54nUJwCERPBExCCpyCOHnu/w==

"@babel/helper-simple-access@^7.18.6":
  version "7.18.6"
  resolved "https://registry.yarnpkg.com/@babel/helper-simple-access/-/helper-simple-access-7.18.6.tgz#d6d8f51f4ac2978068df934b569f08f29788c7ea"
  integrity sha512-iNpIgTgyAvDQpDj76POqg+YEt8fPxx3yaNBg3S30dxNKm2SWfYhD0TGrK/Eu9wHpUW63VQU894TsTg+GLbUa1g==
  dependencies:
    "@babel/types" "^7.18.6"

"@babel/helper-split-export-declaration@^7.18.6":
  version "7.18.6"
  resolved "https://registry.yarnpkg.com/@babel/helper-split-export-declaration/-/helper-split-export-declaration-7.18.6.tgz#7367949bc75b20c6d5a5d4a97bba2824ae8ef075"
  integrity sha512-bde1etTx6ZyTmobl9LLMMQsaizFVZrquTEHOqKeQESMKo4PlObf+8+JA25ZsIpZhT/WEd39+vOdLXAFG/nELpA==
  dependencies:
    "@babel/types" "^7.18.6"

"@babel/helper-split-export-declaration@^7.22.6":
  version "7.22.6"
  resolved "https://registry.yarnpkg.com/@babel/helper-split-export-declaration/-/helper-split-export-declaration-7.22.6.tgz#322c61b7310c0997fe4c323955667f18fcefb91c"
  integrity sha512-AsUnxuLhRYsisFiaJwvp1QF+I3KjD5FOxut14q/GzovUe6orHLesW2C7d754kRm53h5gqrz6sFl6sxc4BVtE/g==
  dependencies:
    "@babel/types" "^7.22.5"

"@babel/helper-string-parser@^7.18.10":
  version "7.18.10"
  resolved "https://registry.yarnpkg.com/@babel/helper-string-parser/-/helper-string-parser-7.18.10.tgz#181f22d28ebe1b3857fa575f5c290b1aaf659b56"
  integrity sha512-XtIfWmeNY3i4t7t4D2t02q50HvqHybPqW2ki1kosnvWCwuCMeo81Jf0gwr85jy/neUdg5XDdeFE/80DXiO+njw==

"@babel/helper-string-parser@^7.22.5":
  version "7.22.5"
  resolved "https://registry.yarnpkg.com/@babel/helper-string-parser/-/helper-string-parser-7.22.5.tgz#533f36457a25814cf1df6488523ad547d784a99f"
  integrity sha512-mM4COjgZox8U+JcXQwPijIZLElkgEpO5rsERVDJTc2qfCDfERyob6k5WegS14SX18IIjv+XD+GrqNumY5JRCDw==

"@babel/helper-validator-identifier@^7.18.6":
  version "7.18.6"
  resolved "https://registry.yarnpkg.com/@babel/helper-validator-identifier/-/helper-validator-identifier-7.18.6.tgz#9c97e30d31b2b8c72a1d08984f2ca9b574d7a076"
  integrity sha512-MmetCkz9ej86nJQV+sFCxoGGrUbU3q02kgLciwkrt9QqEB7cP39oKEY0PakknEO0Gu20SskMRi+AYZ3b1TpN9g==

"@babel/helper-validator-identifier@^7.22.20":
  version "7.22.20"
  resolved "https://registry.yarnpkg.com/@babel/helper-validator-identifier/-/helper-validator-identifier-7.22.20.tgz#c4ae002c61d2879e724581d96665583dbc1dc0e0"
  integrity sha512-Y4OZ+ytlatR8AI+8KZfKuL5urKp7qey08ha31L8b3BwewJAoJamTzyvxPR/5D+KkdJCGPq/+8TukHBlY10FX9A==

"@babel/helper-validator-option@^7.18.6":
  version "7.18.6"
  resolved "https://registry.yarnpkg.com/@babel/helper-validator-option/-/helper-validator-option-7.18.6.tgz#bf0d2b5a509b1f336099e4ff36e1a63aa5db4db8"
  integrity sha512-XO7gESt5ouv/LRJdrVjkShckw6STTaB7l9BrpBaAHDeF5YZT+01PCwmR0SJHnkW6i8OwW/EVWRShfi4j2x+KQw==

"@babel/helpers@^7.18.9":
  version "7.18.9"
  resolved "https://registry.yarnpkg.com/@babel/helpers/-/helpers-7.18.9.tgz#4bef3b893f253a1eced04516824ede94dcfe7ff9"
  integrity sha512-Jf5a+rbrLoR4eNdUmnFu8cN5eNJT6qdTdOg5IHIzq87WwyRw9PwguLFOWYgktN/60IP4fgDUawJvs7PjQIzELQ==
  dependencies:
    "@babel/template" "^7.18.6"
    "@babel/traverse" "^7.18.9"
    "@babel/types" "^7.18.9"

"@babel/highlight@^7.18.6":
  version "7.18.6"
  resolved "https://registry.yarnpkg.com/@babel/highlight/-/highlight-7.18.6.tgz#81158601e93e2563795adcbfbdf5d64be3f2ecdf"
  integrity sha512-u7stbOuYjaPezCuLj29hNW1v64M2Md2qupEKP1fHc7WdOA3DgLh37suiSrZYY7haUB7iBeQZ9P1uiRF359do3g==
  dependencies:
    "@babel/helper-validator-identifier" "^7.18.6"
    chalk "^2.0.0"
    js-tokens "^4.0.0"

"@babel/highlight@^7.22.13":
  version "7.22.20"
  resolved "https://registry.yarnpkg.com/@babel/highlight/-/highlight-7.22.20.tgz#4ca92b71d80554b01427815e06f2df965b9c1f54"
  integrity sha512-dkdMCN3py0+ksCgYmGG8jKeGA/8Tk+gJwSYYlFGxG5lmhfKNoAy004YpLxpS1W2J8m/EK2Ew+yOs9pVRwO89mg==
  dependencies:
    "@babel/helper-validator-identifier" "^7.22.20"
    chalk "^2.4.2"
    js-tokens "^4.0.0"

"@babel/parser@^7.18.10":
  version "7.18.11"
  resolved "https://registry.yarnpkg.com/@babel/parser/-/parser-7.18.11.tgz#68bb07ab3d380affa9a3f96728df07969645d2d9"
  integrity sha512-9JKn5vN+hDt0Hdqn1PiJ2guflwP+B6Ga8qbDuoF0PzzVhrzsKIJo8yGqVk6CmMHiMei9w1C1Bp9IMJSIK+HPIQ==

"@babel/parser@^7.22.15", "@babel/parser@^7.23.0":
  version "7.23.0"
  resolved "https://registry.yarnpkg.com/@babel/parser/-/parser-7.23.0.tgz#da950e622420bf96ca0d0f2909cdddac3acd8719"
  integrity sha512-vvPKKdMemU85V9WE/l5wZEmImpCtLqbnTvqDS2U1fJ96KrxoW7KrXhNsNCblQlg8Ck4b85yxdTyelsMUgFUXiw==

"@babel/plugin-syntax-jsx@^7.18.6":
  version "7.18.6"
  resolved "https://registry.yarnpkg.com/@babel/plugin-syntax-jsx/-/plugin-syntax-jsx-7.18.6.tgz#a8feef63b010150abd97f1649ec296e849943ca0"
  integrity sha512-6mmljtAedFGTWu2p/8WIORGwy+61PLgOMPOdazc7YoJ9ZCWUyFy3A6CpPkRKLKD1ToAesxX8KGEViAiLo9N+7Q==
  dependencies:
    "@babel/helper-plugin-utils" "^7.18.6"

"@babel/plugin-transform-react-jsx-development@^7.18.6":
  version "7.18.6"
  resolved "https://registry.yarnpkg.com/@babel/plugin-transform-react-jsx-development/-/plugin-transform-react-jsx-development-7.18.6.tgz#dbe5c972811e49c7405b630e4d0d2e1380c0ddc5"
  integrity sha512-SA6HEjwYFKF7WDjWcMcMGUimmw/nhNRDWxr+KaLSCrkD/LMDBvWRmHAYgE1HDeF8KUuI8OAu+RT6EOtKxSW2qA==
  dependencies:
    "@babel/plugin-transform-react-jsx" "^7.18.6"

"@babel/plugin-transform-react-jsx-self@^7.18.6":
  version "7.18.6"
  resolved "https://registry.yarnpkg.com/@babel/plugin-transform-react-jsx-self/-/plugin-transform-react-jsx-self-7.18.6.tgz#3849401bab7ae8ffa1e3e5687c94a753fc75bda7"
  integrity sha512-A0LQGx4+4Jv7u/tWzoJF7alZwnBDQd6cGLh9P+Ttk4dpiL+J5p7NSNv/9tlEFFJDq3kjxOavWmbm6t0Gk+A3Ig==
  dependencies:
    "@babel/helper-plugin-utils" "^7.18.6"

"@babel/plugin-transform-react-jsx-source@^7.18.6":
  version "7.18.6"
  resolved "https://registry.yarnpkg.com/@babel/plugin-transform-react-jsx-source/-/plugin-transform-react-jsx-source-7.18.6.tgz#06e9ae8a14d2bc19ce6e3c447d842032a50598fc"
  integrity sha512-utZmlASneDfdaMh0m/WausbjUjEdGrQJz0vFK93d7wD3xf5wBtX219+q6IlCNZeguIcxS2f/CvLZrlLSvSHQXw==
  dependencies:
    "@babel/helper-plugin-utils" "^7.18.6"

"@babel/plugin-transform-react-jsx@^7.18.10", "@babel/plugin-transform-react-jsx@^7.18.6":
  version "7.18.10"
  resolved "https://registry.yarnpkg.com/@babel/plugin-transform-react-jsx/-/plugin-transform-react-jsx-7.18.10.tgz#ea47b2c4197102c196cbd10db9b3bb20daa820f1"
  integrity sha512-gCy7Iikrpu3IZjYZolFE4M1Sm+nrh1/6za2Ewj77Z+XirT4TsbJcvOFOyF+fRPwU6AKKK136CZxx6L8AbSFG6A==
  dependencies:
    "@babel/helper-annotate-as-pure" "^7.18.6"
    "@babel/helper-module-imports" "^7.18.6"
    "@babel/helper-plugin-utils" "^7.18.9"
    "@babel/plugin-syntax-jsx" "^7.18.6"
    "@babel/types" "^7.18.10"

"@babel/template@^7.18.10", "@babel/template@^7.18.6":
  version "7.18.10"
  resolved "https://registry.yarnpkg.com/@babel/template/-/template-7.18.10.tgz#6f9134835970d1dbf0835c0d100c9f38de0c5e71"
  integrity sha512-TI+rCtooWHr3QJ27kJxfjutghu44DLnasDMwpDqCXVTal9RLp3RSYNh4NdBrRP2cQAoG9A8juOQl6P6oZG4JxA==
  dependencies:
    "@babel/code-frame" "^7.18.6"
    "@babel/parser" "^7.18.10"
    "@babel/types" "^7.18.10"

"@babel/template@^7.22.15":
  version "7.22.15"
  resolved "https://registry.yarnpkg.com/@babel/template/-/template-7.22.15.tgz#09576efc3830f0430f4548ef971dde1350ef2f38"
  integrity sha512-QPErUVm4uyJa60rkI73qneDacvdvzxshT3kksGqlGWYdOTIUOwJ7RDUL8sGqslY1uXWSL6xMFKEXDS3ox2uF0w==
  dependencies:
    "@babel/code-frame" "^7.22.13"
    "@babel/parser" "^7.22.15"
    "@babel/types" "^7.22.15"

"@babel/traverse@^7.18.10", "@babel/traverse@^7.18.9":
  version "7.23.2"
  resolved "https://registry.yarnpkg.com/@babel/traverse/-/traverse-7.23.2.tgz#329c7a06735e144a506bdb2cad0268b7f46f4ad8"
  integrity sha512-azpe59SQ48qG6nu2CzcMLbxUudtN+dOM9kDbUqGq3HXUJRlo7i8fvPoxQUzYgLZ4cMVmuZgm8vvBpNeRhd6XSw==
  dependencies:
    "@babel/code-frame" "^7.22.13"
    "@babel/generator" "^7.23.0"
    "@babel/helper-environment-visitor" "^7.22.20"
    "@babel/helper-function-name" "^7.23.0"
    "@babel/helper-hoist-variables" "^7.22.5"
    "@babel/helper-split-export-declaration" "^7.22.6"
    "@babel/parser" "^7.23.0"
    "@babel/types" "^7.23.0"
    debug "^4.1.0"
    globals "^11.1.0"

"@babel/types@^7.18.10", "@babel/types@^7.18.6", "@babel/types@^7.18.9":
  version "7.18.10"
  resolved "https://registry.yarnpkg.com/@babel/types/-/types-7.18.10.tgz#4908e81b6b339ca7c6b7a555a5fc29446f26dde6"
  integrity sha512-MJvnbEiiNkpjo+LknnmRrqbY1GPUUggjv+wQVjetM/AONoupqRALB7I6jGqNUAZsKcRIEu2J6FRFvsczljjsaQ==
  dependencies:
    "@babel/helper-string-parser" "^7.18.10"
    "@babel/helper-validator-identifier" "^7.18.6"
    to-fast-properties "^2.0.0"

"@babel/types@^7.22.15", "@babel/types@^7.22.5", "@babel/types@^7.23.0":
  version "7.23.0"
  resolved "https://registry.yarnpkg.com/@babel/types/-/types-7.23.0.tgz#8c1f020c9df0e737e4e247c0619f58c68458aaeb"
  integrity sha512-0oIyUfKoI3mSqMvsxBdclDwxXKXAUA8v/apZbc+iSyARYou1o8ZGDxbUYyLFoW2arqS2jDGqJuZvv1d/io1axg==
  dependencies:
    "@babel/helper-string-parser" "^7.22.5"
    "@babel/helper-validator-identifier" "^7.22.20"
    to-fast-properties "^2.0.0"

"@jridgewell/gen-mapping@^0.1.0":
  version "0.1.1"
  resolved "https://registry.yarnpkg.com/@jridgewell/gen-mapping/-/gen-mapping-0.1.1.tgz#e5d2e450306a9491e3bd77e323e38d7aff315996"
  integrity sha512-sQXCasFk+U8lWYEe66WxRDOE9PjVz4vSM51fTu3Hw+ClTpUSQb718772vH3pyS5pShp6lvQM7SxgIDXXXmOX7w==
  dependencies:
    "@jridgewell/set-array" "^1.0.0"
    "@jridgewell/sourcemap-codec" "^1.4.10"

"@jridgewell/gen-mapping@^0.3.2":
  version "0.3.2"
  resolved "https://registry.yarnpkg.com/@jridgewell/gen-mapping/-/gen-mapping-0.3.2.tgz#c1aedc61e853f2bb9f5dfe6d4442d3b565b253b9"
  integrity sha512-mh65xKQAzI6iBcFzwv28KVWSmCkdRBWoOh+bYQGW3+6OZvbbN3TqMGo5hqYxQniRcH9F2VZIoJCm4pa3BPDK/A==
  dependencies:
    "@jridgewell/set-array" "^1.0.1"
    "@jridgewell/sourcemap-codec" "^1.4.10"
    "@jridgewell/trace-mapping" "^0.3.9"

"@jridgewell/resolve-uri@^3.0.3":
  version "3.1.0"
  resolved "https://registry.yarnpkg.com/@jridgewell/resolve-uri/-/resolve-uri-3.1.0.tgz#2203b118c157721addfe69d47b70465463066d78"
  integrity sha512-F2msla3tad+Mfht5cJq7LSXcdudKTWCVYUgw6pLFOOHSTtZlj6SWNYAp+AhuqLmWdBO2X5hPrLcu8cVP8fy28w==

"@jridgewell/resolve-uri@^3.1.0":
  version "3.1.1"
  resolved "https://registry.yarnpkg.com/@jridgewell/resolve-uri/-/resolve-uri-3.1.1.tgz#c08679063f279615a3326583ba3a90d1d82cc721"
  integrity sha512-dSYZh7HhCDtCKm4QakX0xFpsRDqjjtZf/kjI/v3T3Nwt5r8/qz/M19F9ySyOqU94SXBmeG9ttTul+YnR4LOxFA==

"@jridgewell/set-array@^1.0.0", "@jridgewell/set-array@^1.0.1":
  version "1.1.2"
  resolved "https://registry.yarnpkg.com/@jridgewell/set-array/-/set-array-1.1.2.tgz#7c6cf998d6d20b914c0a55a91ae928ff25965e72"
  integrity sha512-xnkseuNADM0gt2bs+BvhO0p78Mk762YnZdsuzFV018NoG1Sj1SCQvpSqa7XUaTam5vAGasABV9qXASMKnFMwMw==

"@jridgewell/sourcemap-codec@^1.4.10":
  version "1.4.14"
  resolved "https://registry.yarnpkg.com/@jridgewell/sourcemap-codec/-/sourcemap-codec-1.4.14.tgz#add4c98d341472a289190b424efbdb096991bb24"
  integrity sha512-XPSJHWmi394fuUuzDnGz1wiKqWfo1yXecHQMRf2l6hztTO+nPru658AyDngaBe7isIxEkRsPR3FZh+s7iVa4Uw==

"@jridgewell/sourcemap-codec@^1.4.14":
  version "1.4.15"
  resolved "https://registry.yarnpkg.com/@jridgewell/sourcemap-codec/-/sourcemap-codec-1.4.15.tgz#d7c6e6755c78567a951e04ab52ef0fd26de59f32"
  integrity sha512-eF2rxCRulEKXHTRiDrDy6erMYWqNw4LPdQ8UQA4huuxaQsVeRPFl2oM8oDGxMFhJUWZf9McpLtJasDDZb/Bpeg==

"@jridgewell/trace-mapping@^0.3.17":
  version "0.3.20"
  resolved "https://registry.yarnpkg.com/@jridgewell/trace-mapping/-/trace-mapping-0.3.20.tgz#72e45707cf240fa6b081d0366f8265b0cd10197f"
  integrity sha512-R8LcPeWZol2zR8mmH3JeKQ6QRCFb7XgUhV9ZlGhHLGyg4wpPiPZNQOOWhFZhxKw8u//yTbNGI42Bx/3paXEQ+Q==
  dependencies:
    "@jridgewell/resolve-uri" "^3.1.0"
    "@jridgewell/sourcemap-codec" "^1.4.14"

"@jridgewell/trace-mapping@^0.3.9":
  version "0.3.15"
  resolved "https://registry.yarnpkg.com/@jridgewell/trace-mapping/-/trace-mapping-0.3.15.tgz#aba35c48a38d3fd84b37e66c9c0423f9744f9774"
  integrity sha512-oWZNOULl+UbhsgB51uuZzglikfIKSUBO/M9W2OfEjn7cmqoAiCgmv9lyACTUacZwBz0ITnJ2NqjU8Tx0DHL88g==
  dependencies:
    "@jridgewell/resolve-uri" "^3.0.3"
    "@jridgewell/sourcemap-codec" "^1.4.10"

"@napi-rs/wasm-runtime@^1.1.1":
  version "1.1.4"
  resolved "https://registry.yarnpkg.com/@napi-rs/wasm-runtime/-/wasm-runtime-1.1.4.tgz#a46bbfedc29751b7170c5d23bc1d8ee8c7e3c1e1"
  integrity sha512-3NQNNgA1YSlJb/kMH1ildASP9HW7/7kYnRI2szWJaofaS1hWmbGI4H+d3+22aGzXXN9IJ+n+GiFVcGipJP18ow==
  dependencies:
    "@tybys/wasm-util" "^0.10.1"

"@oxc-project/types@=0.122.0":
  version "0.122.0"
  resolved "https://registry.yarnpkg.com/@oxc-project/types/-/types-0.122.0.tgz#2f4e77a3b183c87b2a326affd703ef71ba836601"
  integrity sha512-oLAl5kBpV4w69UtFZ9xqcmTi+GENWOcPF7FCrczTiBbmC0ibXxCwyvZGbO39rCVEuLGAZM84DH0pUIyyv/YJzA==

"@rolldown/binding-android-arm64@1.0.0-rc.12":
  version "1.0.0-rc.12"
  resolved "https://registry.yarnpkg.com/@rolldown/binding-android-arm64/-/binding-android-arm64-1.0.0-rc.12.tgz#4e6af08b89da02596cc5da4b105082b68673ffec"
  integrity sha512-pv1y2Fv0JybcykuiiD3qBOBdz6RteYojRFY1d+b95WVuzx211CRh+ytI/+9iVyWQ6koTh5dawe4S/yRfOFjgaA==

"@rolldown/binding-darwin-arm64@1.0.0-rc.12":
  version "1.0.0-rc.12"
  resolved "https://registry.yarnpkg.com/@rolldown/binding-darwin-arm64/-/binding-darwin-arm64-1.0.0-rc.12.tgz#a06890f4c9b48ff0fc97edbedfc762bef7cffd73"
  integrity sha512-cFYr6zTG/3PXXF3pUO+umXxt1wkRK/0AYT8lDwuqvRC+LuKYWSAQAQZjCWDQpAH172ZV6ieYrNnFzVVcnSflAg==

"@rolldown/binding-darwin-x64@1.0.0-rc.12":
  version "1.0.0-rc.12"
  resolved "https://registry.yarnpkg.com/@rolldown/binding-darwin-x64/-/binding-darwin-x64-1.0.0-rc.12.tgz#eddf6aa3ed3509171fe21711f1e8ec8e0fd7ec49"
  integrity sha512-ZCsYknnHzeXYps0lGBz8JrF37GpE9bFVefrlmDrAQhOEi4IOIlcoU1+FwHEtyXGx2VkYAvhu7dyBf75EJQffBw==

"@rolldown/binding-freebsd-x64@1.0.0-rc.12":
  version "1.0.0-rc.12"
  resolved "https://registry.yarnpkg.com/@rolldown/binding-freebsd-x64/-/binding-freebsd-x64-1.0.0-rc.12.tgz#2102dfed19fd1f1b53435fcaaf0bc61129a266a3"
  integrity sha512-dMLeprcVsyJsKolRXyoTH3NL6qtsT0Y2xeuEA8WQJquWFXkEC4bcu1rLZZSnZRMtAqwtrF/Ib9Ddtpa/Gkge9Q==

"@rolldown/binding-linux-arm-gnueabihf@1.0.0-rc.12":
  version "1.0.0-rc.12"
  resolved "https://registry.yarnpkg.com/@rolldown/binding-linux-arm-gnueabihf/-/binding-linux-arm-gnueabihf-1.0.0-rc.12.tgz#b2c13f40e990fd1e1935492850536c768c961a0f"
  integrity sha512-YqWjAgGC/9M1lz3GR1r1rP79nMgo3mQiiA+Hfo+pvKFK1fAJ1bCi0ZQVh8noOqNacuY1qIcfyVfP6HoyBRZ85Q==

"@rolldown/binding-linux-arm64-gnu@1.0.0-rc.12":
  version "1.0.0-rc.12"
  resolved "https://registry.yarnpkg.com/@rolldown/binding-linux-arm64-gnu/-/binding-linux-arm64-gnu-1.0.0-rc.12.tgz#32ca9f77c1e76b2913b3d53d2029dc171c0532d6"
  integrity sha512-/I5AS4cIroLpslsmzXfwbe5OmWvSsrFuEw3mwvbQ1kDxJ822hFHIx+vsN/TAzNVyepI/j/GSzrtCIwQPeKCLIg==

"@rolldown/binding-linux-arm64-musl@1.0.0-rc.12":
  version "1.0.0-rc.12"
  resolved "https://registry.yarnpkg.com/@rolldown/binding-linux-arm64-musl/-/binding-linux-arm64-musl-1.0.0-rc.12.tgz#f4337ddd52f0ed3ada2105b59ee1b757a2c4858c"
  integrity sha512-V6/wZztnBqlx5hJQqNWwFdxIKN0m38p8Jas+VoSfgH54HSj9tKTt1dZvG6JRHcjh6D7TvrJPWFGaY9UBVOaWPw==

"@rolldown/binding-linux-ppc64-gnu@1.0.0-rc.12":
  version "1.0.0-rc.12"
  resolved "https://registry.yarnpkg.com/@rolldown/binding-linux-ppc64-gnu/-/binding-linux-ppc64-gnu-1.0.0-rc.12.tgz#22fdd14cb00ee8208c28a39bab7f28860ec6705d"
  integrity sha512-AP3E9BpcUYliZCxa3w5Kwj9OtEVDYK6sVoUzy4vTOJsjPOgdaJZKFmN4oOlX0Wp0RPV2ETfmIra9x1xuayFB7g==

"@rolldown/binding-linux-s390x-gnu@1.0.0-rc.12":
  version "1.0.0-rc.12"
  resolved "https://registry.yarnpkg.com/@rolldown/binding-linux-s390x-gnu/-/binding-linux-s390x-gnu-1.0.0-rc.12.tgz#838215096d1de6d3d509e0410801cb7cda8161ff"
  integrity sha512-nWwpvUSPkoFmZo0kQazZYOrT7J5DGOJ/+QHHzjvNlooDZED8oH82Yg67HvehPPLAg5fUff7TfWFHQS8IV1n3og==

"@rolldown/binding-linux-x64-gnu@1.0.0-rc.12":
  version "1.0.0-rc.12"
  resolved "https://registry.yarnpkg.com/@rolldown/binding-linux-x64-gnu/-/binding-linux-x64-gnu-1.0.0-rc.12.tgz#f7d71d97f6bd43198596b26dc2cb364586e12673"
  integrity sha512-RNrafz5bcwRy+O9e6P8Z/OCAJW/A+qtBczIqVYwTs14pf4iV1/+eKEjdOUta93q2TsT/FI0XYDP3TCky38LMAg==

"@rolldown/binding-linux-x64-musl@1.0.0-rc.12":
  version "1.0.0-rc.12"
  resolved "https://registry.yarnpkg.com/@rolldown/binding-linux-x64-musl/-/binding-linux-x64-musl-1.0.0-rc.12.tgz#a2ca737f01b0ad620c4c404ca176ea3e3ad804c3"
  integrity sha512-Jpw/0iwoKWx3LJ2rc1yjFrj+T7iHZn2JDg1Yny1ma0luviFS4mhAIcd1LFNxK3EYu3DHWCps0ydXQ5i/rrJ2ig==

"@rolldown/binding-openharmony-arm64@1.0.0-rc.12":
  version "1.0.0-rc.12"
  resolved "https://registry.yarnpkg.com/@rolldown/binding-openharmony-arm64/-/binding-openharmony-arm64-1.0.0-rc.12.tgz#f66317e29eafcc300bed7af8dddac26ab3b1bf82"
  integrity sha512-vRugONE4yMfVn0+7lUKdKvN4D5YusEiPilaoO2sgUWpCvrncvWgPMzK00ZFFJuiPgLwgFNP5eSiUlv2tfc+lpA==

"@rolldown/binding-wasm32-wasi@1.0.0-rc.12":
  version "1.0.0-rc.12"
  resolved "https://registry.yarnpkg.com/@rolldown/binding-wasm32-wasi/-/binding-wasm32-wasi-1.0.0-rc.12.tgz#8825523fdffa1f1dc4683be9650ffaa9e4a77f04"
  integrity sha512-ykGiLr/6kkiHc0XnBfmFJuCjr5ZYKKofkx+chJWDjitX+KsJuAmrzWhwyOMSHzPhzOHOy7u9HlFoa5MoAOJ/Zg==
  dependencies:
    "@napi-rs/wasm-runtime" "^1.1.1"

"@rolldown/binding-win32-arm64-msvc@1.0.0-rc.12":
  version "1.0.0-rc.12"
  resolved "https://registry.yarnpkg.com/@rolldown/binding-win32-arm64-msvc/-/binding-win32-arm64-msvc-1.0.0-rc.12.tgz#4f3a17e3d68a58309c27c0930b0f7986ccabef47"
  integrity sha512-5eOND4duWkwx1AzCxadcOrNeighiLwMInEADT0YM7xeEOOFcovWZCq8dadXgcRHSf3Ulh1kFo/qvzoFiCLOL1Q==

"@rolldown/binding-win32-x64-msvc@1.0.0-rc.12":
  version "1.0.0-rc.12"
  resolved "https://registry.yarnpkg.com/@rolldown/binding-win32-x64-msvc/-/binding-win32-x64-msvc-1.0.0-rc.12.tgz#d762765d5660598a96b570b513f535c151272985"
  integrity sha512-PyqoipaswDLAZtot351MLhrlrh6lcZPo2LSYE+VDxbVk24LVKAGOuE4hb8xZQmrPAuEtTZW8E6D2zc5EUZX4Lw==

"@rolldown/pluginutils@1.0.0-rc.12":
  version "1.0.0-rc.12"
  resolved "https://registry.yarnpkg.com/@rolldown/pluginutils/-/pluginutils-1.0.0-rc.12.tgz#74163aec62fa51cee18d62709483963dceb3f6dc"
  integrity sha512-HHMwmarRKvoFsJorqYlFeFRzXZqCt2ETQlEDOb9aqssrnVBB1/+xgTGtuTrIk5vzLNX1MjMtTf7W9z3tsSbrxw==

"@tybys/wasm-util@^0.10.1":
  version "0.10.1"
  resolved "https://registry.yarnpkg.com/@tybys/wasm-util/-/wasm-util-0.10.1.tgz#ecddd3205cf1e2d5274649ff0eedd2991ed7f414"
  integrity sha512-9tTaPJLSiejZKx+Bmog4uSubteqTvFrVrURwkmHixBo0G4seD0zUxp98E1DzUBJxLQ3NPwXrGKDiVjwx/DpPsg==
  dependencies:
    tslib "^2.4.0"

"@types/prop-types@*":
  version "15.7.5"
  resolved "https://registry.yarnpkg.com/@types/prop-types/-/prop-types-15.7.5.tgz#5f19d2b85a98e9558036f6a3cacc8819420f05cf"
  integrity sha512-JCB8C6SnDoQf0cNycqd/35A7MjcnK+ZTqE7judS6o7utxUCg6imJg3QK2qzHKszlTjcj2cn+NwMB2i96ubpj7w==

"@types/react-dom@^18.0.6":
  version "18.0.6"
  resolved "https://registry.yarnpkg.com/@types/react-dom/-/react-dom-18.0.6.tgz#36652900024842b74607a17786b6662dd1e103a1"
  integrity sha512-/5OFZgfIPSwy+YuIBP/FgJnQnsxhZhjjrnxudMddeblOouIodEQ75X14Rr4wGSG/bknL+Omy9iWlLo1u/9GzAA==
  dependencies:
    "@types/react" "*"

"@types/react@*", "@types/react@^18.0.15":
  version "18.0.17"
  resolved "https://registry.yarnpkg.com/@types/react/-/react-18.0.17.tgz#4583d9c322d67efe4b39a935d223edcc7050ccf4"
  integrity sha512-38ETy4tL+rn4uQQi7mB81G7V1g0u2ryquNmsVIOKUAEIDK+3CUjZ6rSRpdvS99dNBnkLFL83qfmtLacGOTIhwQ==
  dependencies:
    "@types/prop-types" "*"
    "@types/scheduler" "*"
    csstype "^3.0.2"

"@types/scheduler@*":
  version "0.16.2"
  resolved "https://registry.yarnpkg.com/@types/scheduler/-/scheduler-0.16.2.tgz#1a62f89525723dde24ba1b01b092bf5df8ad4d39"
  integrity sha512-hppQEBDmlwhFAXKJX2KnWLYu5yMfi91yazPb2l+lbJiwW+wdo1gNeRA+3RgNSO39WYX2euey41KEwnqesU2Jew==

"@vitejs/plugin-react@^2.0.0":
  version "2.0.1"
  resolved "https://registry.yarnpkg.com/@vitejs/plugin-react/-/plugin-react-2.0.1.tgz#3197c01d8e4a4eb9fed829c7888c467a43aadd4e"
  integrity sha512-uINzNHmjrbunlFtyVkST6lY1ewSfz/XwLufG0PIqvLGnpk2nOIOa/1CACTDNcKi1/RwaCzJLmsXwm1NsUVV/NA==
  dependencies:
    "@babel/core" "^7.18.10"
    "@babel/plugin-transform-react-jsx" "^7.18.10"
    "@babel/plugin-transform-react-jsx-development" "^7.18.6"
    "@babel/plugin-transform-react-jsx-self" "^7.18.6"
    "@babel/plugin-transform-react-jsx-source" "^7.18.6"
    magic-string "^0.26.2"
    react-refresh "^0.14.0"

ansi-styles@^3.2.1:
  version "3.2.1"
  resolved "https://registry.yarnpkg.com/ansi-styles/-/ansi-styles-3.2.1.tgz#41fbb20243e50b12be0f04b8dedbf07520ce841d"
  integrity sha512-VT0ZI6kZRdTh8YyJw3SMbYm/u+NqfsAxEpWO0Pf9sq8/e94WxxOpPKx9FR1FlyCtOVDNOQ+8ntlqFxiRc+r5qA==
  dependencies:
    color-convert "^1.9.0"

browserslist@^4.20.2:
  version "4.21.3"
  resolved "https://registry.yarnpkg.com/browserslist/-/browserslist-4.21.3.tgz#5df277694eb3c48bc5c4b05af3e8b7e09c5a6d1a"
  integrity sha512-898rgRXLAyRkM1GryrrBHGkqA5hlpkV5MhtZwg9QXeiyLUYs2k00Un05aX5l2/yJIOObYKOpS2JNo8nJDE7fWQ==
  dependencies:
    caniuse-lite "^1.0.30001370"
    electron-to-chromium "^1.4.202"
    node-releases "^2.0.6"
    update-browserslist-db "^1.0.5"

caniuse-lite@^1.0.30001370:
  version "1.0.30001375"
  resolved "https://registry.yarnpkg.com/caniuse-lite/-/caniuse-lite-1.0.30001375.tgz#8e73bc3d1a4c800beb39f3163bf0190d7e5d7672"
  integrity sha512-kWIMkNzLYxSvnjy0hL8w1NOaWNr2rn39RTAVyIwcw8juu60bZDWiF1/loOYANzjtJmy6qPgNmn38ro5Pygagdw==

chalk@^2.0.0, chalk@^2.4.2:
  version "2.4.2"
  resolved "https://registry.yarnpkg.com/chalk/-/chalk-2.4.2.tgz#cd42541677a54333cf541a49108c1432b44c9424"
  integrity sha512-Mti+f9lpJNcwF4tWV8/OrTTtF1gZi+f8FqlyAdouralcFWFQWF2+NgCHShjkCb+IFBLq9buZwE1xckQU4peSuQ==
  dependencies:
    ansi-styles "^3.2.1"
    escape-string-regexp "^1.0.5"
    supports-color "^5.3.0"

color-convert@^1.9.0:
  version "1.9.3"
  resolved "https://registry.yarnpkg.com/color-convert/-/color-convert-1.9.3.tgz#bb71850690e1f136567de629d2d5471deda4c1e8"
  integrity sha512-QfAUtd+vFdAtFQcC8CCyYt1fYWxSqAiK2cSD6zDB8N3cpsEBAvRxp9zOGg6G/SHHJYAT88/az/IuDGALsNVbGg==
  dependencies:
    color-name "1.1.3"

color-name@1.1.3:
  version "1.1.3"
  resolved "https://registry.yarnpkg.com/color-name/-/color-name-1.1.3.tgz#a7d0558bd89c42f795dd42328f740831ca53bc25"
  integrity sha512-72fSenhMw2HZMTVHeCA9KCmpEIbzWiQsjN+BHcBbS9vr1mtt+vJjPdksIBNUmKAW8TFUDPJK5SUU3QhE9NEXDw==

convert-source-map@^1.7.0:
  version "1.8.0"
  resolved "https://registry.yarnpkg.com/convert-source-map/-/convert-source-map-1.8.0.tgz#f3373c32d21b4d780dd8004514684fb791ca4369"
  integrity sha512-+OQdjP49zViI/6i7nIJpA8rAl4sV/JdPfU9nZs3VqOwGIgizICvuN2ru6fMd+4llL0tar18UYJXfZ/TWtmhUjA==
  dependencies:
    safe-buffer "~5.1.1"

csstype@^3.0.2:
  version "3.1.0"
  resolved "https://registry.yarnpkg.com/csstype/-/csstype-3.1.0.tgz#4ddcac3718d787cf9df0d1b7d15033925c8f29f2"
  integrity sha512-uX1KG+x9h5hIJsaKR9xHUeUraxf8IODOwq9JLNPq6BwB04a/xgpq3rcx47l5BZu5zBPlgD342tdke3Hom/nJRA==

debug@^4.1.0:
  version "4.3.4"
  resolved "https://registry.yarnpkg.com/debug/-/debug-4.3.4.tgz#1319f6579357f2338d3337d2cdd4914bb5dcc865"
  integrity sha512-PRWFHuSU3eDtQJPvnNY7Jcket1j0t5OuOsFzPPzsekD52Zl8qUfFIPEiswXqIvHWGVHOgX+7G/vCNNhehwxfkQ==
  dependencies:
    ms "2.1.2"

detect-libc@^2.0.3:
  version "2.1.2"
  resolved "https://registry.yarnpkg.com/detect-libc/-/detect-libc-2.1.2.tgz#689c5dcdc1900ef5583a4cb9f6d7b473742074ad"
  integrity sha512-Btj2BOOO83o3WyH59e8MgXsxEQVcarkUOpEYrubB0urwnN10yQ364rsiByU11nZlqWYZm05i/of7io4mzihBtQ==

electron-to-chromium@^1.4.202:
  version "1.4.217"
  resolved "https://registry.yarnpkg.com/electron-to-chromium/-/electron-to-chromium-1.4.217.tgz#f1f51b319435f4c1587a850806a0dfebe9774598"
  integrity sha512-iX8GbAMij7cOtJPZo02CClpaPMWjvN5meqXiJXkBgwvraNWTNH0Z7F9tkznI34JRPtWASoPM/xWamq3oNb49GA==

escalade@^3.1.1:
  version "3.1.1"
  resolved "https://registry.yarnpkg.com/escalade/-/escalade-3.1.1.tgz#d8cfdc7000965c5a0174b4a82eaa5c0552742e40"
  integrity sha512-k0er2gUkLf8O0zKJiAhmkTnJlTvINGv7ygDNPbeIsX/TJjGJZHuh9B2UxbsaEkmlEo9MfhrSzmhIlhRlI2GXnw==

escape-string-regexp@^1.0.5:
  version "1.0.5"
  resolved "https://registry.yarnpkg.com/escape-string-regexp/-/escape-string-regexp-1.0.5.tgz#1b61c0562190a8dff6ae3bb2cf0200ca130b86d4"
  integrity sha512-vbRorB5FUQWvla16U8R/qgaFIya2qGzwDrNmCZuYKrbdSUMG6I1ZCGQRefkRVhuOkIGVne7BQ35DSfo1qvJqFg==

fdir@^6.5.0:
  version "6.5.0"
  resolved "https://registry.yarnpkg.com/fdir/-/fdir-6.5.0.tgz#ed2ab967a331ade62f18d077dae192684d50d350"
  integrity sha512-tIbYtZbucOs0BRGqPJkshJUYdL+SDH7dVM8gjy+ERp3WAUjLEFJE+02kanyHtwjWOnwrKYBiwAmM0p4kLJAnXg==

fsevents@~2.3.3:
  version "2.3.3"
  resolved "https://registry.yarnpkg.com/fsevents/-/fsevents-2.3.3.tgz#cac6407785d03675a2a5e1a5305c697b347d90d6"
  integrity sha512-5xoDfX+fL7faATnagmWPpbFtwh/R77WmMMqqHGS65C3vvB0YHrgF+B1YmZ3441tMj5n63k0212XNoJwzlhffQw==

gensync@^1.0.0-beta.2:
  version "1.0.0-beta.2"
  resolved "https://registry.yarnpkg.com/gensync/-/gensync-1.0.0-beta.2.tgz#32a6ee76c3d7f52d46b2b1ae5d93fea8580a25e0"
  integrity sha512-3hN7NaskYvMDLQY55gnW3NQ+mesEAepTqlg+VEbj7zzqEMBVNhzcGYYeqFo/TlYz6eQiFcp1HcsCZO+nGgS8zg==

globals@^11.1.0:
  version "11.12.0"
  resolved "https://registry.yarnpkg.com/globals/-/globals-11.12.0.tgz#ab8795338868a0babd8525758018c2a7eb95c42e"
  integrity sha512-WOBp/EEGUiIsJSp7wcv/y6MO+lV9UoncWqxuFfm8eBwzWNgyfBd6Gz+IeKQ9jCmyhoH99g15M3T+QaVHFjizVA==

has-flag@^3.0.0:
  version "3.0.0"
  resolved "https://registry.yarnpkg.com/has-flag/-/has-flag-3.0.0.tgz#b5d454dc2199ae225699f3467e5a07f3b955bafd"
  integrity sha512-sKJf1+ceQBr4SMkvQnBDNDtf4TXpVhVGateu0t918bl30FnbE2m4vNLX+VWe/dpjlb+HugGYzW7uQXH98HPEYw==

"js-tokens@^3.0.0 || ^4.0.0", js-tokens@^4.0.0:
  version "4.0.0"
  resolved "https://registry.yarnpkg.com/js-tokens/-/js-tokens-4.0.0.tgz#19203fb59991df98e3a287050d4647cdeaf32499"
  integrity sha512-RdJUflcE3cUzKiMqQgsCu06FPu9UdIJO0beYbPhHN4k6apgJtifcoCtT9bcxOpYBtpD2kCM6Sbzg4CausW/PKQ==

jsesc@^2.5.1:
  version "2.5.2"
  resolved "https://registry.yarnpkg.com/jsesc/-/jsesc-2.5.2.tgz#80564d2e483dacf6e8ef209650a67df3f0c283a4"
  integrity sha512-OYu7XEzjkCQ3C5Ps3QIZsQfNpqoJyZZA99wd9aWd05NCtC5pWOkShK2mkL6HXQR6/Cy2lbNdPlZBpuQHXE63gA==

json5@^2.2.1:
  version "2.2.3"
  resolved "https://registry.yarnpkg.com/json5/-/json5-2.2.3.tgz#78cd6f1a19bdc12b73db5ad0c61efd66c1e29283"
  integrity sha512-XmOWe7eyHYH14cLdVPoyg+GOH3rYX++KpzrylJwSW98t3Nk+U8XOl8FWKOgwtzdb8lXGf6zYwDUzeHMWfxasyg==

lightningcss-android-arm64@1.32.0:
  version "1.32.0"
  resolved "https://registry.yarnpkg.com/lightningcss-android-arm64/-/lightningcss-android-arm64-1.32.0.tgz#f033885116dfefd9c6f54787523e3514b61e1968"
  integrity sha512-YK7/ClTt4kAK0vo6w3X+Pnm0D2cf2vPHbhOXdoNti1Ga0al1P4TBZhwjATvjNwLEBCnKvjJc2jQgHXH0NEwlAg==

lightningcss-darwin-arm64@1.32.0:
  version "1.32.0"
  resolved "https://registry.yarnpkg.com/lightningcss-darwin-arm64/-/lightningcss-darwin-arm64-1.32.0.tgz#50b71871b01c8199584b649e292547faea7af9b5"
  integrity sha512-RzeG9Ju5bag2Bv1/lwlVJvBE3q6TtXskdZLLCyfg5pt+HLz9BqlICO7LZM7VHNTTn/5PRhHFBSjk5lc4cmscPQ==

lightningcss-darwin-x64@1.32.0:
  version "1.32.0"
  resolved "https://registry.yarnpkg.com/lightningcss-darwin-x64/-/lightningcss-darwin-x64-1.32.0.tgz#35f3e97332d130b9ca181e11b568ded6aebc6d5e"
  integrity sha512-U+QsBp2m/s2wqpUYT/6wnlagdZbtZdndSmut/NJqlCcMLTWp5muCrID+K5UJ6jqD2BFshejCYXniPDbNh73V8w==

lightningcss-freebsd-x64@1.32.0:
  version "1.32.0"
  resolved "https://registry.yarnpkg.com/lightningcss-freebsd-x64/-/lightningcss-freebsd-x64-1.32.0.tgz#9777a76472b64ed6ff94342ad64c7bafd794a575"
  integrity sha512-JCTigedEksZk3tHTTthnMdVfGf61Fky8Ji2E4YjUTEQX14xiy/lTzXnu1vwiZe3bYe0q+SpsSH/CTeDXK6WHig==

lightningcss-linux-arm-gnueabihf@1.32.0:
  version "1.32.0"
  resolved "https://registry.yarnpkg.com/lightningcss-linux-arm-gnueabihf/-/lightningcss-linux-arm-gnueabihf-1.32.0.tgz#13ae652e1ab73b9135d7b7da172f666c410ad53d"
  integrity sha512-x6rnnpRa2GL0zQOkt6rts3YDPzduLpWvwAF6EMhXFVZXD4tPrBkEFqzGowzCsIWsPjqSK+tyNEODUBXeeVHSkw==

lightningcss-linux-arm64-gnu@1.32.0:
  version "1.32.0"
  resolved "https://registry.yarnpkg.com/lightningcss-linux-arm64-gnu/-/lightningcss-linux-arm64-gnu-1.32.0.tgz#417858795a94592f680123a1b1f9da8a0e1ef335"
  integrity sha512-0nnMyoyOLRJXfbMOilaSRcLH3Jw5z9HDNGfT/gwCPgaDjnx0i8w7vBzFLFR1f6CMLKF8gVbebmkUN3fa/kQJpQ==

lightningcss-linux-arm64-musl@1.32.0:
  version "1.32.0"
  resolved "https://registry.yarnpkg.com/lightningcss-linux-arm64-musl/-/lightningcss-linux-arm64-musl-1.32.0.tgz#6be36692e810b718040802fd809623cffe732133"
  integrity sha512-UpQkoenr4UJEzgVIYpI80lDFvRmPVg6oqboNHfoH4CQIfNA+HOrZ7Mo7KZP02dC6LjghPQJeBsvXhJod/wnIBg==

lightningcss-linux-x64-gnu@1.32.0:
  version "1.32.0"
  resolved "https://registry.yarnpkg.com/lightningcss-linux-x64-gnu/-/lightningcss-linux-x64-gnu-1.32.0.tgz#0b7803af4eb21cfd38dd39fe2abbb53c7dd091f6"
  integrity sha512-V7Qr52IhZmdKPVr+Vtw8o+WLsQJYCTd8loIfpDaMRWGUZfBOYEJeyJIkqGIDMZPwPx24pUMfwSxxI8phr/MbOA==

lightningcss-linux-x64-musl@1.32.0:
  version "1.32.0"
  resolved "https://registry.yarnpkg.com/lightningcss-linux-x64-musl/-/lightningcss-linux-x64-musl-1.32.0.tgz#88dc8ba865ddddb1ac5ef04b0f161804418c163b"
  integrity sha512-bYcLp+Vb0awsiXg/80uCRezCYHNg1/l3mt0gzHnWV9XP1W5sKa5/TCdGWaR/zBM2PeF/HbsQv/j2URNOiVuxWg==

lightningcss-win32-arm64-msvc@1.32.0:
  version "1.32.0"
  resolved "https://registry.yarnpkg.com/lightningcss-win32-arm64-msvc/-/lightningcss-win32-arm64-msvc-1.32.0.tgz#4f30ba3fa5e925f5b79f945e8cc0d176c3b1ab38"
  integrity sha512-8SbC8BR40pS6baCM8sbtYDSwEVQd4JlFTOlaD3gWGHfThTcABnNDBda6eTZeqbofalIJhFx0qKzgHJmcPTnGdw==

lightningcss-win32-x64-msvc@1.32.0:
  version "1.32.0"
  resolved "https://registry.yarnpkg.com/lightningcss-win32-x64-msvc/-/lightningcss-win32-x64-msvc-1.32.0.tgz#141aa5605645064928902bb4af045fa7d9f4220a"
  integrity sha512-Amq9B/SoZYdDi1kFrojnoqPLxYhQ4Wo5XiL8EVJrVsB8ARoC1PWW6VGtT0WKCemjy8aC+louJnjS7U18x3b06Q==

lightningcss@^1.32.0:
  version "1.32.0"
  resolved "https://registry.yarnpkg.com/lightningcss/-/lightningcss-1.32.0.tgz#b85aae96486dcb1bf49a7c8571221273f4f1e4a9"
  integrity sha512-NXYBzinNrblfraPGyrbPoD19C1h9lfI/1mzgWYvXUTe414Gz/X1FD2XBZSZM7rRTrMA8JL3OtAaGifrIKhQ5yQ==
  dependencies:
    detect-libc "^2.0.3"
  optionalDependencies:
    lightningcss-android-arm64 "1.32.0"
    lightningcss-darwin-arm64 "1.32.0"
    lightningcss-darwin-x64 "1.32.0"
    lightningcss-freebsd-x64 "1.32.0"
    lightningcss-linux-arm-gnueabihf "1.32.0"
    lightningcss-linux-arm64-gnu "1.32.0"
    lightningcss-linux-arm64-musl "1.32.0"
    lightningcss-linux-x64-gnu "1.32.0"
    lightningcss-linux-x64-musl "1.32.0"
    lightningcss-win32-arm64-msvc "1.32.0"
    lightningcss-win32-x64-msvc "1.32.0"

loose-envify@^1.1.0:
  version "1.4.0"
  resolved "https://registry.yarnpkg.com/loose-envify/-/loose-envify-1.4.0.tgz#71ee51fa7be4caec1a63839f7e682d8132d30caf"
  integrity sha512-lyuxPGr/Wfhrlem2CL/UcnUc1zcqKAImBDzukY7Y5F/yQiNdko6+fRLevlw1HgMySw7f611UIY408EtxRSoK3Q==
  dependencies:
    js-tokens "^3.0.0 || ^4.0.0"

magic-string@^0.26.2:
  version "0.26.2"
  resolved "https://registry.yarnpkg.com/magic-string/-/magic-string-0.26.2.tgz#5331700e4158cd6befda738bb6b0c7b93c0d4432"
  integrity sha512-NzzlXpclt5zAbmo6h6jNc8zl2gNRGHvmsZW4IvZhTC4W7k4OlLP+S5YLussa/r3ixNT66KOQfNORlXHSOy/X4A==
  dependencies:
    sourcemap-codec "^1.4.8"

ms@2.1.2:
  version "2.1.2"
  resolved "https://registry.yarnpkg.com/ms/-/ms-2.1.2.tgz#d09d1f357b443f493382a8eb3ccd183872ae6009"
  integrity sha512-sGkPx+VjMtmA6MX27oA4FBFELFCZZ4S4XqeGOXCv68tT+jb3vk/RyaKWP0PTKyWtmLSM0b+adUTEvbs1PEaH2w==

nanoid@^3.3.11:
  version "3.3.11"
  resolved "https://registry.yarnpkg.com/nanoid/-/nanoid-3.3.11.tgz#4f4f112cefbe303202f2199838128936266d185b"
  integrity sha512-N8SpfPUnUp1bK+PMYW8qSWdl9U+wwNWI4QKxOYDy9JAro3WMX7p2OeVRF9v+347pnakNevPmiHhNmZ2HbFA76w==

node-releases@^2.0.6:
  version "2.0.6"
  resolved "https://registry.yarnpkg.com/node-releases/-/node-releases-2.0.6.tgz#8a7088c63a55e493845683ebf3c828d8c51c5503"
  integrity sha512-PiVXnNuFm5+iYkLBNeq5211hvO38y63T0i2KKh2KnUs3RpzJ+JtODFjkD8yjLwnDkTYF1eKXheUwdssR+NRZdg==

picocolors@^1.0.0:
  version "1.0.0"
  resolved "https://registry.yarnpkg.com/picocolors/-/picocolors-1.0.0.tgz#cb5bdc74ff3f51892236eaf79d68bc44564ab81c"
  integrity sha512-1fygroTLlHu66zi26VoTDv8yRgm0Fccecssto+MhsZ0D/DGW2sm8E8AjW7NU5VVTRt5GxbeZ5qBuJr+HyLYkjQ==

picocolors@^1.1.1:
  version "1.1.1"
  resolved "https://registry.yarnpkg.com/picocolors/-/picocolors-1.1.1.tgz#3d321af3eab939b083c8f929a1d12cda81c26b6b"
  integrity sha512-xceH2snhtb5M9liqDsmEw56le376mTZkEX/jEb/RxNFyegNul7eNslCXP9FDj/Lcu0X8KEyMceP2ntpaHrDEVA==

picomatch@^4.0.4:
  version "4.0.4"
  resolved "https://registry.yarnpkg.com/picomatch/-/picomatch-4.0.4.tgz#fd6f5e00a143086e074dffe4c924b8fb293b0589"
  integrity sha512-QP88BAKvMam/3NxH6vj2o21R6MjxZUAd6nlwAS/pnGvN9IVLocLHxGYIzFhg6fUQ+5th6P4dv4eW9jX3DSIj7A==

postcss@^8.5.8:
  version "8.5.13"
  resolved "https://registry.yarnpkg.com/postcss/-/postcss-8.5.13.tgz#6cfaf647f2e7ef69850208eccd849e0d3f65d420"
  integrity sha512-qif0+jGGZoLWdHey3UFHHWP0H7Gbmsk8T5VEqyYFbWqPr1XqvLGBbk/sl8V5exGmcYJklJOhOQq1pV9IcsiFag==
  dependencies:
    nanoid "^3.3.11"
    picocolors "^1.1.1"
    source-map-js "^1.2.1"

react-dom@^18.2.0:
  version "18.2.0"
  resolved "https://registry.yarnpkg.com/react-dom/-/react-dom-18.2.0.tgz#22aaf38708db2674ed9ada224ca4aa708d821e3d"
  integrity sha512-6IMTriUmvsjHUjNtEDudZfuDQUoWXVxKHhlEGSk81n4YFS+r/Kl99wXiwlVXtPBtJenozv2P+hxDsw9eA7Xo6g==
  dependencies:
    loose-envify "^1.1.0"
    scheduler "^0.23.0"

react-refresh@^0.14.0:
  version "0.14.0"
  resolved "https://registry.yarnpkg.com/react-refresh/-/react-refresh-0.14.0.tgz#4e02825378a5f227079554d4284889354e5f553e"
  integrity sha512-wViHqhAd8OHeLS/IRMJjTSDHF3U9eWi62F/MledQGPdJGDhodXJ9PBLNGr6WWL7qlH12Mt3TyTpbS+hGXMjCzQ==

react@^18.2.0:
  version "18.2.0"
  resolved "https://registry.yarnpkg.com/react/-/react-18.2.0.tgz#555bd98592883255fa00de14f1151a917b5d77d5"
  integrity sha512-/3IjMdb2L9QbBdWiW5e3P2/npwMBaU9mHCSCUzNln0ZCYbcfTsGbTJrU/kGemdH2IWmB2ioZ+zkxtmq6g09fGQ==
  dependencies:
    loose-envify "^1.1.0"

rolldown@1.0.0-rc.12:
  version "1.0.0-rc.12"
  resolved "https://registry.yarnpkg.com/rolldown/-/rolldown-1.0.0-rc.12.tgz#e226fa74a4c21c71a13f8e44f778f81d58853ad5"
  integrity sha512-yP4USLIMYrwpPHEFB5JGH1uxhcslv6/hL0OyvTuY+3qlOSJvZ7ntYnoWpehBxufkgN0cvXxppuTu5hHa/zPh+A==
  dependencies:
    "@oxc-project/types" "=0.122.0"
    "@rolldown/pluginutils" "1.0.0-rc.12"
  optionalDependencies:
    "@rolldown/binding-android-arm64" "1.0.0-rc.12"
    "@rolldown/binding-darwin-arm64" "1.0.0-rc.12"
    "@rolldown/binding-darwin-x64" "1.0.0-rc.12"
    "@rolldown/binding-freebsd-x64" "1.0.0-rc.12"
    "@rolldown/binding-linux-arm-gnueabihf" "1.0.0-rc.12"
    "@rolldown/binding-linux-arm64-gnu" "1.0.0-rc.12"
    "@rolldown/binding-linux-arm64-musl" "1.0.0-rc.12"
    "@rolldown/binding-linux-ppc64-gnu" "1.0.0-rc.12"
    "@rolldown/binding-linux-s390x-gnu" "1.0.0-rc.12"
    "@rolldown/binding-linux-x64-gnu" "1.0.0-rc.12"
    "@rolldown/binding-linux-x64-musl" "1.0.0-rc.12"
    "@rolldown/binding-openharmony-arm64" "1.0.0-rc.12"
    "@rolldown/binding-wasm32-wasi" "1.0.0-rc.12"
    "@rolldown/binding-win32-arm64-msvc" "1.0.0-rc.12"
    "@rolldown/binding-win32-x64-msvc" "1.0.0-rc.12"

safe-buffer@~5.1.1:
  version "5.1.2"
  resolved "https://registry.yarnpkg.com/safe-buffer/-/safe-buffer-5.1.2.tgz#991ec69d296e0313747d59bdfd2b745c35f8828d"
  integrity sha512-Gd2UZBJDkXlY7GbJxfsE8/nvKkUEU1G38c1siN6QP6a9PT9MmHB8GnpscSmMJSoF8LOIrt8ud/wPtojys4G6+g==

scheduler@^0.23.0:
  version "0.23.0"
  resolved "https://registry.yarnpkg.com/scheduler/-/scheduler-0.23.0.tgz#ba8041afc3d30eb206a487b6b384002e4e61fdfe"
  integrity sha512-CtuThmgHNg7zIZWAXi3AsyIzA3n4xx7aNyjwC2VJldO2LMVDhFK+63xGqq6CsJH4rTAt6/M+N4GhZiDYPx9eUw==
  dependencies:
    loose-envify "^1.1.0"

semver@^6.3.0:
  version "6.3.1"
  resolved "https://registry.yarnpkg.com/semver/-/semver-6.3.1.tgz#556d2ef8689146e46dcea4bfdd095f3434dffcb4"
  integrity sha512-BR7VvDCVHO+q2xBEWskxS6DJE1qRnb7DxzUrogb71CWoSficBxYsiAGd+Kl0mmq/MprG9yArRkyrQxTO6XjMzA==

source-map-js@^1.2.1:
  version "1.2.1"
  resolved "https://registry.yarnpkg.com/source-map-js/-/source-map-js-1.2.1.tgz#1ce5650fddd87abc099eda37dcff024c2667ae46"
  integrity sha512-UXWMKhLOwVKb728IUtQPXxfYU+usdybtUrK/8uGE8CQMvrhOpwvzDBwj0QhSL7MQc7vIsISBG8VQ8+IDQxpfQA==

sourcemap-codec@^1.4.8:
  version "1.4.8"
  resolved "https://registry.yarnpkg.com/sourcemap-codec/-/sourcemap-codec-1.4.8.tgz#ea804bd94857402e6992d05a38ef1ae35a9ab4c4"
  integrity sha512-9NykojV5Uih4lgo5So5dtw+f0JgJX30KCNI8gwhz2J9A15wD0Ml6tjHKwf6fTSa6fAdVBdZeNOs9eJ71qCk8vA==

supports-color@^5.3.0:
  version "5.5.0"
  resolved "https://registry.yarnpkg.com/supports-color/-/supports-color-5.5.0.tgz#e2e69a44ac8772f78a1ec0b35b689df6530efc8f"
  integrity sha512-QjVjwdXIt408MIiAqCX4oUKsgU2EqAGzs2Ppkm4aQYbjm+ZEWEcW4SfFNTr4uMNZma0ey4f5lgLrkB0aX0QMow==
  dependencies:
    has-flag "^3.0.0"

tinyglobby@^0.2.15:
  version "0.2.16"
  resolved "https://registry.yarnpkg.com/tinyglobby/-/tinyglobby-0.2.16.tgz#1c3b7eb953fce42b226bc5a1ee06428281aff3d6"
  integrity sha512-pn99VhoACYR8nFHhxqix+uvsbXineAasWm5ojXoN8xEwK5Kd3/TrhNn1wByuD52UxWRLy8pu+kRMniEi6Eq9Zg==
  dependencies:
    fdir "^6.5.0"
    picomatch "^4.0.4"

to-fast-properties@^2.0.0:
  version "2.0.0"
  resolved "https://registry.yarnpkg.com/to-fast-properties/-/to-fast-properties-2.0.0.tgz#dc5e698cbd079265bc73e0377681a4e4e83f616e"
  integrity sha512-/OaKK0xYrs3DmxRYqL/yDc+FxFUVYhDlXMhRmv3z915w2HF1tnN1omB354j8VUGO/hbRzyD6Y3sA7v7GS/ceog==

tslib@^2.4.0:
  version "2.8.1"
  resolved "https://registry.yarnpkg.com/tslib/-/tslib-2.8.1.tgz#612efe4ed235d567e8aba5f2a5fab70280ade83f"
  integrity sha512-oJFu94HQb+KVduSUQL7wnpmqnfmLsOA/nAh6b6EH0wCEoK0/mPeXU6c3wKDV83MkOuHPRHtSXKKU99IBazS/2w==

typescript@^4.6.4:
  version "4.7.4"
  resolved "https://registry.yarnpkg.com/typescript/-/typescript-4.7.4.tgz#1a88596d1cf47d59507a1bcdfb5b9dfe4d488235"
  integrity sha512-C0WQT0gezHuw6AdY1M2jxUO83Rjf0HP7Sk1DtXj6j1EwkQNZrHAg2XPWlq62oqEhYvONq5pkC2Y9oPljWToLmQ==

update-browserslist-db@^1.0.5:
  version "1.0.5"
  resolved "https://registry.yarnpkg.com/update-browserslist-db/-/update-browserslist-db-1.0.5.tgz#be06a5eedd62f107b7c19eb5bcefb194411abf38"
  integrity sha512-dteFFpCyvuDdr9S/ff1ISkKt/9YZxKjI9WlRR99c180GaztJtRa/fn18FdxGVKVsnPY7/a/FDN68mcvUmP4U7Q==
  dependencies:
    escalade "^3.1.1"
    picocolors "^1.0.0"

vite@^8.0.3:
  version "8.0.3"
  resolved "https://registry.yarnpkg.com/vite/-/vite-8.0.3.tgz#036d9e3b077ff57b128660b3e3a5d2d12bac9b42"
  integrity sha512-B9ifbFudT1TFhfltfaIPgjo9Z3mDynBTJSUYxTjOQruf/zHH+ezCQKcoqO+h7a9Pw9Nm/OtlXAiGT1axBgwqrQ==
  dependencies:
    lightningcss "^1.32.0"
    picomatch "^4.0.4"
    postcss "^8.5.8"
    rolldown "1.0.0-rc.12"
    tinyglobby "^0.2.15"
  optionalDependencies:
    fsevents "~2.3.3"
